{
  "requires": true,
  "lockfileVersion": 1,
  "dependencies": {
    "@types/es6-shim": {
      "version": "0.31.39",
      "resolved": "https://registry.npmjs.org/@types/es6-shim/-/es6-shim-0.31.39.tgz",
      "integrity": "sha512-z2JtmHE1wg75JTdT1qWGvW4eDOk6DUW1Exdzrs+8QTPFttkdTr4pKVzLLCCAOUC8i/KiG+QtkSEteQ5hDxwbpg=="
    }
  }
}
